<?xml version="1.0" encoding="utf-8"?>
<Project ToolsVersion="4.0" xmlns="http://schemas.microsoft.com/developer/msbuild/2003">
  <ItemGroup>
    <Filter Include="リソース ファイル">
      <UniqueIdentifier>{67DA6AB6-F800-4c08-8B7A-83BB121AAD01}</UniqueIdentifier>
      <Extensions>rc;ico;cur;bmp;dlg;rc2;rct;bin;rgs;gif;jpg;jpeg;jpe;resx;tiff;tif;png;wav;mfcribbon-ms</Extensions>
    </Filter>
    <Filter Include="ソース">
      <UniqueIdentifier>{93b056af-c8ca-43b9-a8c1-183aa0f7d2ed}</UniqueIdentifier>
    </Filter>
    <Filter Include="シェーダー">
      <UniqueIdentifier>{3047d139-b701-418c-97e9-9b6f92475194}</UniqueIdentifier>
    </Filter>
    <Filter Include="ソース\コンポーネント">
      <UniqueIdentifier>{1d42be37-dab9-4fdd-bbb5-005c19dec568}</UniqueIdentifier>
    </Filter>
    <Filter Include="ソース\オブジェクト">
      <UniqueIdentifier>{a70f9f1c-cb11-4dd2-adf8-89301579ca7b}</UniqueIdentifier>
    </Filter>
    <Filter Include="ソース\シーン">
      <UniqueIdentifier>{2366ccfa-ab28-47a3-bc61-025b70b12b13}</UniqueIdentifier>
    </Filter>
    <Filter Include="ソース\ベースプログラム">
      <UniqueIdentifier>{e309973d-fad7-4e35-b609-219fb1d9c1d3}</UniqueIdentifier>
    </Filter>
    <Filter Include="ソース\ベースプログラム\システム">
      <UniqueIdentifier>{a4699a00-f577-407c-96df-517661da975a}</UniqueIdentifier>
    </Filter>
    <Filter Include="ソース\ベースプログラム\レンダラー">
      <UniqueIdentifier>{27f6ed16-052b-482a-b67e-4ecb00022d8c}</UniqueIdentifier>
    </Filter>
    <Filter Include="ソース\ベースプログラム\シーン">
      <UniqueIdentifier>{ca16727f-2914-4717-9634-ae894d97b51d}</UniqueIdentifier>
    </Filter>
    <Filter Include="ソース\ベースプログラム\オブジェクト">
      <UniqueIdentifier>{b512dfee-1dab-4acc-8463-a1cdb270e851}</UniqueIdentifier>
    </Filter>
    <Filter Include="ソース\ベースプログラム\コンポーネント">
      <UniqueIdentifier>{3f779480-00d0-4248-acdd-120e8ac7013b}</UniqueIdentifier>
    </Filter>
    <Filter Include="ソース\オブジェクト\ギミック">
      <UniqueIdentifier>{27b4112e-d5a5-48af-a549-ddbb8d60a225}</UniqueIdentifier>
    </Filter>
    <Filter Include="ソース\オブジェクト\プレイヤー">
      <UniqueIdentifier>{616af2f5-e8d8-4e0e-b14c-22db9b419106}</UniqueIdentifier>
    </Filter>
    <Filter Include="ソース\オブジェクト\ベース">
      <UniqueIdentifier>{3c99ad4c-0375-456c-a518-06b60d5f8694}</UniqueIdentifier>
    </Filter>
    <Filter Include="ソース\オブジェクト\エネミー">
      <UniqueIdentifier>{c578b4a6-eb1f-4aa7-b253-60230996dba8}</UniqueIdentifier>
    </Filter>
    <Filter Include="ソース\コンポーネント\エネミー">
      <UniqueIdentifier>{103c994a-99cf-4a97-8f6a-06b23996fcb6}</UniqueIdentifier>
    </Filter>
    <Filter Include="ソース\コンポーネント\プレイヤー">
      <UniqueIdentifier>{15048a9e-c965-48e7-b8ed-aa8bc30a3c80}</UniqueIdentifier>
    </Filter>
    <Filter Include="ソース\コンポーネント\ギミック">
      <UniqueIdentifier>{8b202c86-eccf-40c7-8f8b-45d38908b4af}</UniqueIdentifier>
    </Filter>
    <Filter Include="ソース\コンポーネント\UI">
      <UniqueIdentifier>{794fc9df-c9f1-4ebf-8443-020b3efe1ba0}</UniqueIdentifier>
    </Filter>
    <Filter Include="ソース\コンポーネント\システム">
      <UniqueIdentifier>{7b72c9c5-8195-4a24-89ef-ae38c50ae76b}</UniqueIdentifier>
    </Filter>
    <Filter Include="ソース\オブジェクト\UI">
      <UniqueIdentifier>{dc752b02-8984-4b59-85f0-fe75e23e7a83}</UniqueIdentifier>
    </Filter>
  </ItemGroup>
  <ItemGroup>
    <ResourceCompile Include="DX11Game.rc">
      <Filter>リソース ファイル</Filter>
    </ResourceCompile>
  </ItemGroup>
  <ItemGroup>
    <Image Include="res\directx9.ico">
      <Filter>リソース ファイル</Filter>
    </Image>
  </ItemGroup>
  <ItemGroup>
    <ClCompile Include="source\AssimpModel.cpp">
      <Filter>ソース\ベースプログラム\レンダラー</Filter>
    </ClCompile>
    <ClCompile Include="source\debugproc.cpp">
      <Filter>ソース\ベースプログラム\システム</Filter>
    </ClCompile>
    <ClCompile Include="source\input.cpp">
      <Filter>ソース\ベースプログラム\システム</Filter>
    </ClCompile>
    <ClCompile Include="source\mesh.cpp">
      <Filter>ソース\ベースプログラム\レンダラー</Filter>
    </ClCompile>
    <ClCompile Include="source\polygon.cpp">
      <Filter>ソース\ベースプログラム\レンダラー</Filter>
    </ClCompile>
    <ClCompile Include="source\Shader.cpp">
      <Filter>ソース\ベースプログラム\システム</Filter>
    </ClCompile>
    <ClCompile Include="source\Texture.cpp">
      <Filter>ソース\ベースプログラム\システム</Filter>
    </ClCompile>
    <ClCompile Include="source\shadow.cpp">
      <Filter>ソース\ベースプログラム\レンダラー</Filter>
    </ClCompile>
    <ClCompile Include="source\Light.cpp">
      <Filter>ソース\ベースプログラム\レンダラー</Filter>
    </ClCompile>
    <ClCompile Include="source\main.cpp">
      <Filter>ソース\ベースプログラム</Filter>
    </ClCompile>
    <ClCompile Include="source\CCollision2D.cpp">
      <Filter>ソース\ベースプログラム\コンポーネント</Filter>
    </ClCompile>
    <ClCompile Include="source\CRigidbody2D.cpp">
      <Filter>ソース\ベースプログラム\コンポーネント</Filter>
    </ClCompile>
    <ClCompile Include="source\transform.cpp">
      <Filter>ソース\ベースプログラム\コンポーネント</Filter>
    </ClCompile>
    <ClCompile Include="source\uniqueTypeID.cpp">
      <Filter>ソース\ベースプログラム\コンポーネント</Filter>
    </ClCompile>
    <ClCompile Include="source\CAssimpObject.cpp">
      <Filter>ソース\ベースプログラム\オブジェクト</Filter>
    </ClCompile>
    <ClCompile Include="source\Renderer.cpp">
      <Filter>ソース\ベースプログラム\レンダラー</Filter>
    </ClCompile>
    <ClCompile Include="source\CMeshObject.cpp">
      <Filter>ソース\ベースプログラム\オブジェクト</Filter>
    </ClCompile>
    <ClCompile Include="source\CBillboardObject.cpp">
      <Filter>ソース\ベースプログラム\オブジェクト</Filter>
    </ClCompile>
    <ClCompile Include="source\CAnimater2D.cpp">
      <Filter>ソース\ベースプログラム\コンポーネント</Filter>
    </ClCompile>
    <ClCompile Include="source\CAnimation2D.cpp">
      <Filter>ソース\ベースプログラム\コンポーネント</Filter>
    </ClCompile>
    <ClCompile Include="source\Camera.cpp">
      <Filter>ソース\ベースプログラム\レンダラー</Filter>
    </ClCompile>
    <ClCompile Include="source\Sound.cpp">
      <Filter>ソース\ベースプログラム\システム</Filter>
    </ClCompile>
    <ClCompile Include="source\CScene.cpp">
      <Filter>ソース\ベースプログラム\シーン</Filter>
    </ClCompile>
    <ClCompile Include="source\CObject.cpp">
      <Filter>ソース\ベースプログラム\オブジェクト</Filter>
    </ClCompile>
    <ClCompile Include="source\CObjectManager.cpp">
      <Filter>ソース\ベースプログラム\オブジェクト</Filter>
    </ClCompile>
    <ClCompile Include="source\CSceneManager.cpp">
      <Filter>ソース\ベースプログラム\シーン</Filter>
    </ClCompile>
    <ClCompile Include="source\CSpriteObject.cpp">
      <Filter>ソース\ベースプログラム\オブジェクト</Filter>
    </ClCompile>
    <ClCompile Include="source\CSceneGame.cpp">
      <Filter>ソース\シーン</Filter>
    </ClCompile>
    <ClCompile Include="source\CSceneTitle.cpp">
      <Filter>ソース\シーン</Filter>
    </ClCompile>
    <ClCompile Include="source\CBlocksensor.cpp">
      <Filter>ソース\オブジェクト\エネミー</Filter>
    </ClCompile>
    <ClCompile Include="source\CBrokenObject.cpp">
      <Filter>ソース\オブジェクト\ギミック</Filter>
    </ClCompile>
    <ClCompile Include="source\CCheckPoint.cpp">
      <Filter>ソース\オブジェクト\ギミック</Filter>
    </ClCompile>
    <ClCompile Include="source\CDamageTrapCollsion.cpp">
      <Filter>ソース\オブジェクト\ギミック</Filter>
    </ClCompile>
    <ClCompile Include="source\CDamageTrapObj.cpp">
      <Filter>ソース\オブジェクト\ギミック</Filter>
    </ClCompile>
    <ClCompile Include="source\CDamegeTrapPoint.cpp">
      <Filter>ソース\オブジェクト\ギミック</Filter>
    </ClCompile>
    <ClCompile Include="source\CDoor.cpp">
      <Filter>ソース\オブジェクト\ギミック</Filter>
    </ClCompile>
    <ClCompile Include="source\CDropObject.cpp">
      <Filter>ソース\オブジェクト\ギミック</Filter>
    </ClCompile>
    <ClCompile Include="source\CElevatorRoad.cpp">
      <Filter>ソース\オブジェクト\ギミック</Filter>
    </ClCompile>
    <ClCompile Include="source\CElevatorRoadEnd.cpp">
      <Filter>ソース\オブジェクト\ギミック</Filter>
    </ClCompile>
    <ClCompile Include="source\CEndElevator.cpp">
      <Filter>ソース\オブジェクト\ギミック</Filter>
    </ClCompile>
    <ClCompile Include="source\CDebugObject.cpp">
      <Filter>ソース\オブジェクト\ベース</Filter>
    </ClCompile>
    <ClCompile Include="source\CEditorObject.cpp">
      <Filter>ソース\オブジェクト\ベース</Filter>
    </ClCompile>
    <ClCompile Include="source\CEnergyBullet.cpp">
      <Filter>ソース\オブジェクト\プレイヤー</Filter>
    </ClCompile>
    <ClCompile Include="source\CFadeObject.cpp">
      <Filter>ソース\オブジェクト\ベース</Filter>
    </ClCompile>
    <ClCompile Include="source\CFallObject.cpp">
      <Filter>ソース\オブジェクト\ギミック</Filter>
    </ClCompile>
    <ClCompile Include="source\CGameManagerObject.cpp">
      <Filter>ソース\オブジェクト\ベース</Filter>
    </ClCompile>
    <ClCompile Include="source\CLift.cpp">
      <Filter>ソース\オブジェクト\ギミック</Filter>
    </ClCompile>
    <ClCompile Include="source\CLiftPoint.cpp">
      <Filter>ソース\オブジェクト\ギミック</Filter>
    </ClCompile>
    <ClCompile Include="source\CMagnetBlock.cpp">
      <Filter>ソース\オブジェクト\ギミック</Filter>
    </ClCompile>
    <ClCompile Include="source\CObjectBaseLayout.cpp">
      <Filter>ソース\オブジェクト\ベース</Filter>
    </ClCompile>
    <ClCompile Include="source\CPlayer.cpp">
      <Filter>ソース\オブジェクト\プレイヤー</Filter>
    </ClCompile>
    <ClCompile Include="source\CSecurityRobo.cpp">
      <Filter>ソース\オブジェクト\エネミー</Filter>
    </ClCompile>
    <ClCompile Include="source\CStandStick.cpp">
      <Filter>ソース\オブジェクト\エネミー</Filter>
    </ClCompile>
    <ClCompile Include="source\CStartElevator.cpp">
      <Filter>ソース\オブジェクト\ギミック</Filter>
    </ClCompile>
    <ClCompile Include="source\CSwitch.cpp">
      <Filter>ソース\オブジェクト\ギミック</Filter>
    </ClCompile>
    <ClCompile Include="source\CVisible.cpp">
      <Filter>ソース\オブジェクト\エネミー</Filter>
    </ClCompile>
    <ClCompile Include="source\CBg.cpp">
      <Filter>ソース\オブジェクト\ベース</Filter>
    </ClCompile>
    <ClCompile Include="source\CBlock.cpp">
      <Filter>ソース\オブジェクト\ギミック</Filter>
    </ClCompile>
    <ClCompile Include="source\CBlocksensorComponent.cpp">
      <Filter>ソース\コンポーネント\エネミー</Filter>
    </ClCompile>
    <ClCompile Include="source\CComponentLayoutBase.cpp">
      <Filter>ソース\コンポーネント\システム</Filter>
    </ClCompile>
    <ClCompile Include="source\CEditorComponent.cpp">
      <Filter>ソース\コンポーネント\システム</Filter>
    </ClCompile>
    <ClCompile Include="source\CFadeComponent.cpp">
      <Filter>ソース\コンポーネント\システム</Filter>
    </ClCompile>
    <ClCompile Include="source\CPlayerActionComponent.cpp">
      <Filter>ソース\コンポーネント\プレイヤー</Filter>
    </ClCompile>
    <ClCompile Include="source\CPlayerInput.cpp">
      <Filter>ソース\コンポーネント\プレイヤー</Filter>
    </ClCompile>
    <ClCompile Include="source\CProductEnergy.cpp">
      <Filter>ソース\コンポーネント\プレイヤー</Filter>
    </ClCompile>
    <ClCompile Include="source\CResourceEnergy.cpp">
      <Filter>ソース\コンポーネント\プレイヤー</Filter>
    </ClCompile>
    <ClCompile Include="source\CStandStickComponent.cpp">
      <Filter>ソース\コンポーネント\エネミー</Filter>
    </ClCompile>
    <ClCompile Include="source\CSecurityRoboComponent.cpp">
      <Filter>ソース\コンポーネント\エネミー</Filter>
    </ClCompile>
    <ClCompile Include="source\CPlayerUIComponent.cpp">
      <Filter>ソース\コンポーネント\プレイヤー</Filter>
    </ClCompile>
    <ClCompile Include="source\CCheckPointComponent.cpp">
      <Filter>ソース\コンポーネント\ギミック</Filter>
    </ClCompile>
    <ClCompile Include="source\CDamageTrapCollisionComponent.cpp">
      <Filter>ソース\コンポーネント\ギミック</Filter>
    </ClCompile>
    <ClCompile Include="source\CDamageTrapObjComponent.cpp">
      <Filter>ソース\コンポーネント\ギミック</Filter>
    </ClCompile>
    <ClCompile Include="source\CDoorComponent.cpp">
      <Filter>ソース\コンポーネント\ギミック</Filter>
    </ClCompile>
    <ClCompile Include="source\CEndElevatorComponent.cpp">
      <Filter>ソース\コンポーネント\ギミック</Filter>
    </ClCompile>
    <ClCompile Include="source\CLiftComponent.cpp">
      <Filter>ソース\コンポーネント\ギミック</Filter>
    </ClCompile>
    <ClCompile Include="source\CMagnetBlockComponent.cpp">
      <Filter>ソース\コンポーネント\ギミック</Filter>
    </ClCompile>
    <ClCompile Include="source\CStartElevatorComponent.cpp">
      <Filter>ソース\コンポーネント\ギミック</Filter>
    </ClCompile>
    <ClCompile Include="source\CSwitchComponent.cpp">
      <Filter>ソース\コンポーネント\ギミック</Filter>
    </ClCompile>
    <ClCompile Include="source\CVisibleComponent.cpp">
      <Filter>ソース\コンポーネント\エネミー</Filter>
    </ClCompile>
    <ClCompile Include="source\CGearCaterpillarComponent.cpp">
      <Filter>ソース\コンポーネント\プレイヤー</Filter>
    </ClCompile>
    <ClCompile Include="source\CBlockComponent.cpp">
      <Filter>ソース\コンポーネント\ギミック</Filter>
    </ClCompile>
    <ClCompile Include="source\CRespawnComponent.cpp">
      <Filter>ソース\コンポーネント\プレイヤー</Filter>
    </ClCompile>
    <ClCompile Include="source\instancingMesh .cpp">
      <Filter>ソース\ベースプログラム\レンダラー</Filter>
    </ClCompile>
    <ClCompile Include="source\PostProcessing.cpp">
      <Filter>ソース\ベースプログラム\レンダラー</Filter>
    </ClCompile>
    <ClCompile Include="source\InstancingMeshRenderer.cpp">
      <Filter>ソース\ベースプログラム\レンダラー</Filter>
    </ClCompile>
    <ClCompile Include="source\CEffectComponent.cpp">
      <Filter>ソース\コンポーネント\システム</Filter>
    </ClCompile>
    <ClCompile Include="source\CHierarchyComponent.cpp">
      <Filter>ソース\コンポーネント\UI</Filter>
    </ClCompile>
    <ClCompile Include="source\CClearComponent.cpp">
      <Filter>ソース\コンポーネント\UI</Filter>
    </ClCompile>
    <ClCompile Include="source\CStarParticleComponent.cpp">
      <Filter>ソース\コンポーネント\UI</Filter>
    </ClCompile>
    <ClCompile Include="source\CGimmickLayoutBase.cpp">
      <Filter>ソース\コンポーネント\ギミック</Filter>
    </ClCompile>
    <ClCompile Include="source\CElecGimmickBase.cpp">
      <Filter>ソース\コンポーネント\ギミック</Filter>
    </ClCompile>
    <ClCompile Include="source\CEnemyBase.cpp">
      <Filter>ソース\コンポーネント\エネミー</Filter>
    </ClCompile>
    <ClCompile Include="source\CEndingFadeComponent.cpp">
      <Filter>ソース\コンポーネント\UI</Filter>
    </ClCompile>
    <ClCompile Include="source\CMenuComponent.cpp">
      <Filter>ソース\コンポーネント\UI</Filter>
    </ClCompile>
    <ClCompile Include="source\CTitleMenuObj.cpp">
      <Filter>ソース\オブジェクト\UI</Filter>
    </ClCompile>
    <ClCompile Include="source\CExitObj.cpp">
      <Filter>ソース\オブジェクト\UI</Filter>
    </ClCompile>
    <ClCompile Include="source\CEndingPicObj.cpp">
      <Filter>ソース\オブジェクト\UI</Filter>
    </ClCompile>
    <ClCompile Include="source\CElvRightDoorObj.cpp">
      <Filter>ソース\オブジェクト\UI</Filter>
    </ClCompile>
    <ClCompile Include="source\CElvLeftDoorObj.cpp">
      <Filter>ソース\オブジェクト\UI</Filter>
    </ClCompile>
    <ClCompile Include="source\CContenueObj.cpp">
      <Filter>ソース\オブジェクト\UI</Filter>
    </ClCompile>
    <ClCompile Include="source\CEditorModeObj.cpp">
      <Filter>ソース\オブジェクト\UI</Filter>
    </ClCompile>
    <ClCompile Include="source\CGameStartObj.cpp">
      <Filter>ソース\オブジェクト\UI</Filter>
    </ClCompile>
    <ClCompile Include="source\CWhiteTileObj.cpp">
      <Filter>ソース\オブジェクト\UI</Filter>
    </ClCompile>
    <ClCompile Include="source\CEndingObj.cpp">
      <Filter>ソース\オブジェクト\UI</Filter>
    </ClCompile>
    <ClCompile Include="source\CSceneEnding.cpp">
      <Filter>ソース\シーン</Filter>
    </ClCompile>
    <ClCompile Include="source\CSpriteEffectComponent.cpp">
      <Filter>ソース\コンポーネント\システム</Filter>
    </ClCompile>
    <ClCompile Include="source\CGearUIComponent.cpp">
      <Filter>ソース\コンポーネント\UI</Filter>
    </ClCompile>
  </ItemGroup>
  <ItemGroup>
    <ClInclude Include="source\AssimpModel.h">
      <Filter>ソース\ベースプログラム\レンダラー</Filter>
    </ClInclude>
    <ClInclude Include="source\debugproc.h">
      <Filter>ソース\ベースプログラム\システム</Filter>
    </ClInclude>
    <ClInclude Include="source\input.h">
      <Filter>ソース\ベースプログラム\システム</Filter>
    </ClInclude>
    <ClInclude Include="source\mesh.h">
      <Filter>ソース\ベースプログラム\レンダラー</Filter>
    </ClInclude>
    <ClInclude Include="source\polygon.h">
      <Filter>ソース\ベースプログラム\レンダラー</Filter>
    </ClInclude>
    <ClInclude Include="source\Shader.h">
      <Filter>ソース\ベースプログラム\システム</Filter>
    </ClInclude>
    <ClInclude Include="source\Texture.h">
      <Filter>ソース\ベースプログラム\システム</Filter>
    </ClInclude>
    <ClInclude Include="source\shadow.h">
      <Filter>ソース\ベースプログラム\レンダラー</Filter>
    </ClInclude>
    <ClInclude Include="source\Light.h">
      <Filter>ソース\ベースプログラム\レンダラー</Filter>
    </ClInclude>
    <ClInclude Include="source\Math.h">
      <Filter>ソース\ベースプログラム\システム</Filter>
    </ClInclude>
    <ClInclude Include="source\main.h">
      <Filter>ソース\ベースプログラム</Filter>
    </ClInclude>
    <ClInclude Include="resource.h">
      <Filter>ソース\ベースプログラム</Filter>
    </ClInclude>
    <ClInclude Include="source\CCollision2D.h">
      <Filter>ソース\ベースプログラム\コンポーネント</Filter>
    </ClInclude>
    <ClInclude Include="source\CRigidbody2D.h">
      <Filter>ソース\ベースプログラム\コンポーネント</Filter>
    </ClInclude>
    <ClInclude Include="source\transform.h">
      <Filter>ソース\ベースプログラム\コンポーネント</Filter>
    </ClInclude>
    <ClInclude Include="source\uniqueTypeID.h">
      <Filter>ソース\ベースプログラム\コンポーネント</Filter>
    </ClInclude>
    <ClInclude Include="source\CAssimpObject.h">
      <Filter>ソース\ベースプログラム\オブジェクト</Filter>
    </ClInclude>
    <ClInclude Include="source\Renderer.h">
      <Filter>ソース\ベースプログラム\レンダラー</Filter>
    </ClInclude>
    <ClInclude Include="source\CMeshObject.h">
      <Filter>ソース\ベースプログラム\オブジェクト</Filter>
    </ClInclude>
    <ClInclude Include="source\CBillboardObject.h">
      <Filter>ソース\ベースプログラム\オブジェクト</Filter>
    </ClInclude>
    <ClInclude Include="source\CAnimater2D.h">
      <Filter>ソース\ベースプログラム\コンポーネント</Filter>
    </ClInclude>
    <ClInclude Include="source\CAnimation2D.h">
      <Filter>ソース\ベースプログラム\コンポーネント</Filter>
    </ClInclude>
    <ClInclude Include="source\Camera.h">
      <Filter>ソース\ベースプログラム\レンダラー</Filter>
    </ClInclude>
    <ClInclude Include="source\Sound.h">
      <Filter>ソース\ベースプログラム\システム</Filter>
    </ClInclude>
    <ClInclude Include="source\CScene.h">
      <Filter>ソース\ベースプログラム\シーン</Filter>
    </ClInclude>
    <ClInclude Include="source\CComponent.h">
      <Filter>ソース\ベースプログラム\コンポーネント</Filter>
    </ClInclude>
    <ClInclude Include="source\CObject.h">
      <Filter>ソース\ベースプログラム\オブジェクト</Filter>
    </ClInclude>
    <ClInclude Include="source\CObjectManager.h">
      <Filter>ソース\ベースプログラム\オブジェクト</Filter>
    </ClInclude>
    <ClInclude Include="source\CSceneManager.h">
      <Filter>ソース\ベースプログラム\シーン</Filter>
    </ClInclude>
    <ClInclude Include="source\CSpriteRenderer.h">
      <Filter>ソース\ベースプログラム\レンダラー</Filter>
    </ClInclude>
    <ClInclude Include="source\CSpriteObject.h">
      <Filter>ソース\ベースプログラム\オブジェクト</Filter>
    </ClInclude>
    <ClInclude Include="source\CSceneGame.h">
      <Filter>ソース\シーン</Filter>
    </ClInclude>
    <ClInclude Include="source\CSceneTitle.h">
      <Filter>ソース\シーン</Filter>
    </ClInclude>
    <ClInclude Include="source\CBlocksensor.h">
      <Filter>ソース\オブジェクト\エネミー</Filter>
    </ClInclude>
    <ClInclude Include="source\CBrokenObject.h">
      <Filter>ソース\オブジェクト\ギミック</Filter>
    </ClInclude>
    <ClInclude Include="source\CCheckPoint.h">
      <Filter>ソース\オブジェクト\ギミック</Filter>
    </ClInclude>
    <ClInclude Include="source\CDamageTrapCollsion.h">
      <Filter>ソース\オブジェクト\ギミック</Filter>
    </ClInclude>
    <ClInclude Include="source\CDamageTrapObj.h">
      <Filter>ソース\オブジェクト\ギミック</Filter>
    </ClInclude>
    <ClInclude Include="source\CDamegeTrapPoint.h">
      <Filter>ソース\オブジェクト\ギミック</Filter>
    </ClInclude>
    <ClInclude Include="source\CDoor.h">
      <Filter>ソース\オブジェクト\ギミック</Filter>
    </ClInclude>
    <ClInclude Include="source\CDropObject.h">
      <Filter>ソース\オブジェクト\ギミック</Filter>
    </ClInclude>
    <ClInclude Include="source\CElevatorRoad.h">
      <Filter>ソース\オブジェクト\ギミック</Filter>
    </ClInclude>
    <ClInclude Include="source\CElevatorRoadEnd.h">
      <Filter>ソース\オブジェクト\ギミック</Filter>
    </ClInclude>
    <ClInclude Include="source\CEndElevator.h">
      <Filter>ソース\オブジェクト\ギミック</Filter>
    </ClInclude>
    <ClInclude Include="source\CDebugObject.h">
      <Filter>ソース\オブジェクト\ベース</Filter>
    </ClInclude>
    <ClInclude Include="source\CEditorObject.h">
      <Filter>ソース\オブジェクト\ベース</Filter>
    </ClInclude>
    <ClInclude Include="source\CEnergyBullet.h">
      <Filter>ソース\オブジェクト\プレイヤー</Filter>
    </ClInclude>
    <ClInclude Include="source\CFadeObject.h">
      <Filter>ソース\オブジェクト\ベース</Filter>
    </ClInclude>
    <ClInclude Include="source\CFallObject.h">
      <Filter>ソース\オブジェクト\ギミック</Filter>
    </ClInclude>
    <ClInclude Include="source\CGameManagerObject.h">
      <Filter>ソース\オブジェクト\ベース</Filter>
    </ClInclude>
    <ClInclude Include="source\CLift.h">
      <Filter>ソース\オブジェクト\ギミック</Filter>
    </ClInclude>
    <ClInclude Include="source\CLiftPoint.h">
      <Filter>ソース\オブジェクト\ギミック</Filter>
    </ClInclude>
    <ClInclude Include="source\CMagnetBlock.h">
      <Filter>ソース\オブジェクト\ギミック</Filter>
    </ClInclude>
    <ClInclude Include="source\CObjectBaseLayout.h">
      <Filter>ソース\オブジェクト\ベース</Filter>
    </ClInclude>
    <ClInclude Include="source\CPlayer.h">
      <Filter>ソース\オブジェクト\プレイヤー</Filter>
    </ClInclude>
    <ClInclude Include="source\CSecurityRobo.h">
      <Filter>ソース\オブジェクト\エネミー</Filter>
    </ClInclude>
    <ClInclude Include="source\CStandStick.h">
      <Filter>ソース\オブジェクト\エネミー</Filter>
    </ClInclude>
    <ClInclude Include="source\CStartElevator.h">
      <Filter>ソース\オブジェクト\ギミック</Filter>
    </ClInclude>
    <ClInclude Include="source\CSwitch.h">
      <Filter>ソース\オブジェクト\ギミック</Filter>
    </ClInclude>
    <ClInclude Include="source\CVisible.h">
      <Filter>ソース\オブジェクト\エネミー</Filter>
    </ClInclude>
    <ClInclude Include="source\CBg.h">
      <Filter>ソース\オブジェクト\ベース</Filter>
    </ClInclude>
    <ClInclude Include="source\CBlock.h">
      <Filter>ソース\オブジェクト\ギミック</Filter>
    </ClInclude>
    <ClInclude Include="source\CBlocksensorComponent.h">
      <Filter>ソース\コンポーネント\エネミー</Filter>
    </ClInclude>
    <ClInclude Include="source\CBulletComponent.h">
      <Filter>ソース\コンポーネント\プレイヤー</Filter>
    </ClInclude>
    <ClInclude Include="source\CComponentLayoutBase.h">
      <Filter>ソース\コンポーネント\システム</Filter>
    </ClInclude>
    <ClInclude Include="source\CEditorComponent.h">
      <Filter>ソース\コンポーネント\システム</Filter>
    </ClInclude>
    <ClInclude Include="source\CEnergyShot.h">
      <Filter>ソース\コンポーネント\プレイヤー</Filter>
    </ClInclude>
    <ClInclude Include="source\CFadeComponent.h">
      <Filter>ソース\コンポーネント\システム</Filter>
    </ClInclude>
    <ClInclude Include="source\CInputMoveComponent.h">
      <Filter>ソース\コンポーネント\プレイヤー</Filter>
    </ClInclude>
    <ClInclude Include="source\CPlayerActionComponent.h">
      <Filter>ソース\コンポーネント\プレイヤー</Filter>
    </ClInclude>
    <ClInclude Include="source\CPlayerInput.h">
      <Filter>ソース\コンポーネント\プレイヤー</Filter>
    </ClInclude>
    <ClInclude Include="source\CResourceEnergy.h">
      <Filter>ソース\コンポーネント\プレイヤー</Filter>
    </ClInclude>
    <ClInclude Include="source\CProductEnergy.h">
      <Filter>ソース\コンポーネント\プレイヤー</Filter>
    </ClInclude>
    <ClInclude Include="source\CSecurityRoboComponent.h">
      <Filter>ソース\コンポーネント\エネミー</Filter>
    </ClInclude>
    <ClInclude Include="source\CPlayerUIComponent.h">
      <Filter>ソース\コンポーネント\プレイヤー</Filter>
    </ClInclude>
    <ClInclude Include="source\CStandStickComponent.h">
      <Filter>ソース\コンポーネント\エネミー</Filter>
    </ClInclude>
    <ClInclude Include="source\CTestComponent.h">
      <Filter>ソース\コンポーネント\システム</Filter>
    </ClInclude>
    <ClInclude Include="source\CBrokenComponent.h">
      <Filter>ソース\コンポーネント\ギミック</Filter>
    </ClInclude>
    <ClInclude Include="source\CCheckPointComponent.h">
      <Filter>ソース\コンポーネント\ギミック</Filter>
    </ClInclude>
    <ClInclude Include="source\CDamageTrapCollisionComponent.h">
      <Filter>ソース\コンポーネント\ギミック</Filter>
    </ClInclude>
    <ClInclude Include="source\CDamageTrapObjComponent.h">
      <Filter>ソース\コンポーネント\ギミック</Filter>
    </ClInclude>
    <ClInclude Include="source\CDoorComponent.h">
      <Filter>ソース\コンポーネント\ギミック</Filter>
    </ClInclude>
    <ClInclude Include="source\CDropComponent.h">
      <Filter>ソース\コンポーネント\ギミック</Filter>
    </ClInclude>
    <ClInclude Include="source\CEndElevatorComponent.h">
      <Filter>ソース\コンポーネント\ギミック</Filter>
    </ClInclude>
    <ClInclude Include="source\CFallComponent.h">
      <Filter>ソース\コンポーネント\ギミック</Filter>
    </ClInclude>
    <ClInclude Include="source\CLiftComponent.h">
      <Filter>ソース\コンポーネント\ギミック</Filter>
    </ClInclude>
    <ClInclude Include="source\CMagnetBlockComponent.h">
      <Filter>ソース\コンポーネント\ギミック</Filter>
    </ClInclude>
    <ClInclude Include="source\CStartElevatorComponent.h">
      <Filter>ソース\コンポーネント\ギミック</Filter>
    </ClInclude>
    <ClInclude Include="source\CSwitchComponent.h">
      <Filter>ソース\コンポーネント\ギミック</Filter>
    </ClInclude>
    <ClInclude Include="source\CVisibleComponent.h">
      <Filter>ソース\コンポーネント\エネミー</Filter>
    </ClInclude>
    <ClInclude Include="source\CGearCaterpillarComponent.h">
      <Filter>ソース\コンポーネント\プレイヤー</Filter>
    </ClInclude>
    <ClInclude Include="source\CBlockComponent.h">
      <Filter>ソース\コンポーネント\ギミック</Filter>
    </ClInclude>
    <ClInclude Include="source\CRespawnComponent.h">
      <Filter>ソース\コンポーネント\プレイヤー</Filter>
    </ClInclude>
    <ClInclude Include="source\instancingMesh.h">
      <Filter>ソース\ベースプログラム\レンダラー</Filter>
    </ClInclude>
    <ClInclude Include="source\PostProcessing.h">
      <Filter>ソース\ベースプログラム\レンダラー</Filter>
    </ClInclude>
    <ClInclude Include="source\InstancingMeshRenderer.h">
      <Filter>ソース\ベースプログラム\レンダラー</Filter>
    </ClInclude>
    <ClInclude Include="source\CEffectComponent.h">
      <Filter>ソース\コンポーネント\システム</Filter>
    </ClInclude>
    <ClInclude Include="source\CHierarchyComponent.h">
      <Filter>ソース\コンポーネント\UI</Filter>
    </ClInclude>
    <ClInclude Include="source\CClearComponent.h">
      <Filter>ソース\コンポーネント\UI</Filter>
    </ClInclude>
    <ClInclude Include="source\CGimmickLayoutBase.h">
      <Filter>ソース\コンポーネント\ギミック</Filter>
    </ClInclude>
    <ClInclude Include="source\CEnemyBase.h">
      <Filter>ソース\コンポーネント\エネミー</Filter>
    </ClInclude>
    <ClInclude Include="source\CElecGimmickBase.h">
      <Filter>ソース\コンポーネント\ギミック</Filter>
    </ClInclude>
    <ClInclude Include="source\CStarParticleComponent.h">
      <Filter>ソース\コンポーネント\UI</Filter>
    </ClInclude>
    <ClInclude Include="source\CEndingFadeComponent.h">
      <Filter>ソース\コンポーネント\UI</Filter>
    </ClInclude>
    <ClInclude Include="source\CMenuComponent.h">
      <Filter>ソース\コンポーネント\UI</Filter>
    </ClInclude>
    <ClInclude Include="source\CTitleMenuObj.h">
      <Filter>ソース\オブジェクト\UI</Filter>
    </ClInclude>
    <ClInclude Include="source\CExitObj.h">
      <Filter>ソース\オブジェクト\UI</Filter>
    </ClInclude>
    <ClInclude Include="source\CEndingPicObj.h">
      <Filter>ソース\オブジェクト\UI</Filter>
    </ClInclude>
    <ClInclude Include="source\CElvRightDoorObj.h">
      <Filter>ソース\オブジェクト\UI</Filter>
    </ClInclude>
    <ClInclude Include="source\CElvLeftDoorObj.h">
      <Filter>ソース\オブジェクト\UI</Filter>
    </ClInclude>
    <ClInclude Include="source\CContenueObj.h">
      <Filter>ソース\オブジェクト\UI</Filter>
    </ClInclude>
    <ClInclude Include="source\CEditorModeObj.h">
      <Filter>ソース\オブジェクト\UI</Filter>
    </ClInclude>
    <ClInclude Include="source\CGameStartObj.h">
      <Filter>ソース\オブジェクト\UI</Filter>
    </ClInclude>
    <ClInclude Include="source\CWhiteTileObj.h">
      <Filter>ソース\オブジェクト\UI</Filter>
    </ClInclude>
    <ClInclude Include="source\CEndingObj.h">
      <Filter>ソース\オブジェクト\UI</Filter>
    </ClInclude>
    <ClInclude Include="source\CSceneEnding.h">
      <Filter>ソース\シーン</Filter>
    </ClInclude>
    <ClInclude Include="source\CSpriteEffectComponent.h">
      <Filter>ソース\コンポーネント\システム</Filter>
    </ClInclude>
    <ClInclude Include="source\CGearUIComponent.h">
      <Filter>ソース\コンポーネント\UI</Filter>
    </ClInclude>
  </ItemGroup>
  <ItemGroup>
    <FxCompile Include="source\HLSL\AssimpPixel.hlsl">
      <Filter>シェーダー</Filter>
    </FxCompile>
    <FxCompile Include="source\HLSL\AssimpVertex.hlsl">
      <Filter>シェーダー</Filter>
    </FxCompile>
    <FxCompile Include="source\HLSL\Pixel.hlsl">
      <Filter>シェーダー</Filter>
    </FxCompile>
    <FxCompile Include="source\HLSL\Pixel2D.hlsl">
      <Filter>シェーダー</Filter>
    </FxCompile>
    <FxCompile Include="source\HLSL\Vertex.hlsl">
      <Filter>シェーダー</Filter>
    </FxCompile>
    <FxCompile Include="source\HLSL\Vertex2D.hlsl">
      <Filter>シェーダー</Filter>
    </FxCompile>
    <FxCompile Include="source\HLSL\InstancingPixel.hlsl">
      <Filter>シェーダー</Filter>
    </FxCompile>
    <FxCompile Include="source\HLSL\InstancingVertex.hlsl">
      <Filter>シェーダー</Filter>
    </FxCompile>
    <FxCompile Include="source\HLSL\PostPixel2D.hlsl">
      <Filter>シェーダー</Filter>
    </FxCompile>
    <FxCompile Include="source\HLSL\PostVertex2D.hlsl">
      <Filter>シェーダー</Filter>
    </FxCompile>
  </ItemGroup>
</Project>